
Microsoft Visual Studio Solution File, Format Version 12.00
# Visual Studio Version 17
VisualStudioVersion = 17.11.35222.181
MinimumVisualStudioVersion = 10.0.40219.1
Project("{FAE04EC0-301F-11D3-BF4B-00C04F79EFBC}") = "onwir", "onwir\onwir.csproj", "{134CF099-6FB1-4790-A67D-7A41978C8286}"
EndProject
Global
	GlobalSection(SolutionConfigurationPlatforms) = preSolution
		Debug|Any CPU = Debug|Any CPU
		Release|Any CPU = Release|Any CPU
	EndGlobalSection
	GlobalSection(ProjectConfigurationPlatforms) = postSolution
		{134CF099-6FB1-4790-A67D-7A41978C8286}.Debug|Any CPU.ActiveCfg = Debug|Any CPU
		{134CF099-6FB1-4790-A67D-7A41978C8286}.Debug|Any CPU.Build.0 = Debug|Any CPU
		{134CF099-6FB1-4790-A67D-7A41978C8286}.Release|Any CPU.ActiveCfg = Release|Any CPU
		{134CF099-6FB1-4790-A67D-7A41978C8286}.Release|Any CPU.Build.0 = Release|Any CPU
	EndGlobalSection
	GlobalSection(SolutionProperties) = preSolution
		HideSolutionNode = FALSE
	EndGlobalSection
	GlobalSection(ExtensibilityGlobals) = postSolution
		SolutionGuid = {28948CE3-1D62-405F-A956-A43ADD8A4A04}
	EndGlobalSection
EndGlobal
